
Microsoft Visual Studio Solution File, Format Version 12.00
# Visual Studio Version 16
VisualStudioVersion = 16.0.30711.63
MinimumVisualStudioVersion = 10.0.40219.1
Project("{FAE04EC0-301F-11D3-BF4B-00C04F79EFBC}") = "slide", "slide\slide.csproj", "{C50E1C2D-F267-414F-8AD4-0C7AC728B892}"
EndProject
Global
	GlobalSection(SolutionConfigurationPlatforms) = preSolution
		Debug|Any CPU = Debug|Any CPU
		Release|Any CPU = Release|Any CPU
	EndGlobalSection
	GlobalSection(ProjectConfigurationPlatforms) = postSolution
		{C50E1C2D-F267-414F-8AD4-0C7AC728B892}.Debug|Any CPU.ActiveCfg = Debug|Any CPU
		{C50E1C2D-F267-414F-8AD4-0C7AC728B892}.Debug|Any CPU.Build.0 = Debug|Any CPU
		{C50E1C2D-F267-414F-8AD4-0C7AC728B892}.Release|Any CPU.ActiveCfg = Release|Any CPU
		{C50E1C2D-F267-414F-8AD4-0C7AC728B892}.Release|Any CPU.Build.0 = Release|Any CPU
	EndGlobalSection
	GlobalSection(SolutionProperties) = preSolution
		HideSolutionNode = FALSE
	EndGlobalSection
	GlobalSection(ExtensibilityGlobals) = postSolution
		SolutionGuid = {E68B411D-9BC7-4705-A8EC-668BDA8F76C0}
	EndGlobalSection
EndGlobal
